
Microsoft Visual Studio Solution File, Format Version 12.00
# Visual Studio Version 16
VisualStudioVersion = 16.0.30523.141
MinimumVisualStudioVersion = 10.0.40219.1
Project("{FAE04EC0-301F-11D3-BF4B-00C04F79EFBC}") = "HospitalWard_Manjot", "HospitalWard_Manjot\HospitalWard_Manjot.csproj", "{A8493BB4-E145-420C-8E2B-2D1EE46DF980}"
EndProject
Global
	GlobalSection(SolutionConfigurationPlatforms) = preSolution
		Debug|Any CPU = Debug|Any CPU
		Release|Any CPU = Release|Any CPU
	EndGlobalSection
	GlobalSection(ProjectConfigurationPlatforms) = postSolution
		{A8493BB4-E145-420C-8E2B-2D1EE46DF980}.Debug|Any CPU.ActiveCfg = Debug|Any CPU
		{A8493BB4-E145-420C-8E2B-2D1EE46DF980}.Debug|Any CPU.Build.0 = Debug|Any CPU
		{A8493BB4-E145-420C-8E2B-2D1EE46DF980}.Release|Any CPU.ActiveCfg = Release|Any CPU
		{A8493BB4-E145-420C-8E2B-2D1EE46DF980}.Release|Any CPU.Build.0 = Release|Any CPU
	EndGlobalSection
	GlobalSection(SolutionProperties) = preSolution
		HideSolutionNode = FALSE
	EndGlobalSection
	GlobalSection(ExtensibilityGlobals) = postSolution
		SolutionGuid = {2E334AC8-389C-42F1-B6D4-BBD36EB214FE}
	EndGlobalSection
EndGlobal
